
Microsoft Visual Studio Solution File, Format Version 12.00
# Visual Studio 15
VisualStudioVersion = 15.0.28010.2026
MinimumVisualStudioVersion = 10.0.40219.1
Project("{FAE04EC0-301F-11D3-BF4B-00C04F79EFBC}") = "Avg_num", "Avg_num\Avg_num.csproj", "{53B2B827-2AC5-4CB7-B098-DA843212C209}"
EndProject
Global
	GlobalSection(SolutionConfigurationPlatforms) = preSolution
		Debug|Any CPU = Debug|Any CPU
		Release|Any CPU = Release|Any CPU
	EndGlobalSection
	GlobalSection(ProjectConfigurationPlatforms) = postSolution
		{53B2B827-2AC5-4CB7-B098-DA843212C209}.Debug|Any CPU.ActiveCfg = Debug|Any CPU
		{53B2B827-2AC5-4CB7-B098-DA843212C209}.Debug|Any CPU.Build.0 = Debug|Any CPU
		{53B2B827-2AC5-4CB7-B098-DA843212C209}.Release|Any CPU.ActiveCfg = Release|Any CPU
		{53B2B827-2AC5-4CB7-B098-DA843212C209}.Release|Any CPU.Build.0 = Release|Any CPU
	EndGlobalSection
	GlobalSection(SolutionProperties) = preSolution
		HideSolutionNode = FALSE
	EndGlobalSection
	GlobalSection(ExtensibilityGlobals) = postSolution
		SolutionGuid = {4E9DE68C-FA77-4AC7-A3F7-B6E730174D78}
	EndGlobalSection
EndGlobal
